
Microsoft Visual Studio Solution File, Format Version 12.00
# Visual Studio Version 16
VisualStudioVersion = 16.0.30413.136
MinimumVisualStudioVersion = 10.0.40219.1
Project("{FAE04EC0-301F-11D3-BF4B-00C04F79EFBC}") = "reposteria", "reposteria\reposteria.csproj", "{14A924F3-66D4-4A1A-BC6F-44669BEDED54}"
EndProject
Global
	GlobalSection(SolutionConfigurationPlatforms) = preSolution
		Debug|Any CPU = Debug|Any CPU
		Release|Any CPU = Release|Any CPU
	EndGlobalSection
	GlobalSection(ProjectConfigurationPlatforms) = postSolution
		{14A924F3-66D4-4A1A-BC6F-44669BEDED54}.Debug|Any CPU.ActiveCfg = Debug|Any CPU
		{14A924F3-66D4-4A1A-BC6F-44669BEDED54}.Debug|Any CPU.Build.0 = Debug|Any CPU
		{14A924F3-66D4-4A1A-BC6F-44669BEDED54}.Release|Any CPU.ActiveCfg = Release|Any CPU
		{14A924F3-66D4-4A1A-BC6F-44669BEDED54}.Release|Any CPU.Build.0 = Release|Any CPU
	EndGlobalSection
	GlobalSection(SolutionProperties) = preSolution
		HideSolutionNode = FALSE
	EndGlobalSection
	GlobalSection(ExtensibilityGlobals) = postSolution
		SolutionGuid = {6BA60BEB-70F6-4504-9299-18DD376D5D5C}
	EndGlobalSection
EndGlobal
